
Microsoft Visual Studio Solution File, Format Version 12.00
# Visual Studio Version 16
VisualStudioVersion = 16.0.32126.315
MinimumVisualStudioVersion = 10.0.40219.1
Project("{FAE04EC0-301F-11D3-BF4B-00C04F79EFBC}") = "ConstoUniversity", "ConstoUniversity\ConstoUniversity.csproj", "{A46766BE-5257-4AC7-B7B6-FB186CAB5F31}"
EndProject
Global
	GlobalSection(SolutionConfigurationPlatforms) = preSolution
		Debug|Any CPU = Debug|Any CPU
		Release|Any CPU = Release|Any CPU
	EndGlobalSection
	GlobalSection(ProjectConfigurationPlatforms) = postSolution
		{A46766BE-5257-4AC7-B7B6-FB186CAB5F31}.Debug|Any CPU.ActiveCfg = Debug|Any CPU
		{A46766BE-5257-4AC7-B7B6-FB186CAB5F31}.Debug|Any CPU.Build.0 = Debug|Any CPU
		{A46766BE-5257-4AC7-B7B6-FB186CAB5F31}.Release|Any CPU.ActiveCfg = Release|Any CPU
		{A46766BE-5257-4AC7-B7B6-FB186CAB5F31}.Release|Any CPU.Build.0 = Release|Any CPU
	EndGlobalSection
	GlobalSection(SolutionProperties) = preSolution
		HideSolutionNode = FALSE
	EndGlobalSection
	GlobalSection(ExtensibilityGlobals) = postSolution
		SolutionGuid = {AAD54DCF-0C04-4663-8E95-66057DBA3B74}
	EndGlobalSection
EndGlobal
